Microsoft Visual Studio Solution File, Format Version 12.00
# Visual Studio Version 17
VisualStudioVersion = 17.3.32929.385
MinimumVisualStudioVersion = 10.0.40219.1
Project("{9A19103F-16F7-4668-BE54-9A1E7A4F7556}") = "DevelopmentHell.Hubba.Client", "DevelopmentHell.Hubba.Client\DevelopmentHell.Hubba.Client.csproj", "{BACE9CC4-F837-49DD-8572-EE102E1EAB1C}"
EndProject
Project("{9A19103F-16F7-4668-BE54-9A1E7A4F7556}") = "DevelopmentHell.Hubba.Registration", "DevelopmentHell.Hubba.Registration\DevelopmentHell.Hubba.Registration.csproj", "{91B3FBDC-0B1D-4C1F-BA0D-99D27F8B93ED}"
EndProject
Project("{9A19103F-16F7-4668-BE54-9A1E7A4F7556}") = "DevelopmentHell.Hubba.Registration.Test", "DevelopmentHell.Hubba.Registration.Test\DevelopmentHell.Hubba.Registration.Test.csproj", "{D8E08993-9EF2-4F07-8223-E3B0991B428E}"
	ProjectSection(ProjectDependencies) = postProject
		{6C8B3984-217A-4DEA-9A4D-73F301FC0893} = {6C8B3984-217A-4DEA-9A4D-73F301FC0893}
	EndProjectSection
EndProject
Project("{9A19103F-16F7-4668-BE54-9A1E7A4F7556}") = "DevelopmentHell.Hubba.SqlDataAccess", "DevelopmentHell.Hubba.SqlDataAccess\DevelopmentHell.Hubba.SqlDataAccess.csproj", "{6C8B3984-217A-4DEA-9A4D-73F301FC0893}"
EndProject
Project("{2150E333-8FDC-42A3-9474-1A3956D46DE8}") = "Tests", "Tests", "{5A528968-95F9-4E5A-98CB-501EE0759FDC}"
EndProject
Project("{2150E333-8FDC-42A3-9474-1A3956D46DE8}") = "Clients", "Clients", "{0E8013DB-F597-49E1-9C90-367A98C5BE69}"
EndProject
Project("{2150E333-8FDC-42A3-9474-1A3956D46DE8}") = "CommonComponent", "CommonComponent", "{AF8ADA89-9511-4DF9-B861-281AC81D112D}"
EndProject
Project("{2150E333-8FDC-42A3-9474-1A3956D46DE8}") = "DAL", "DAL", "{374ED57B-DF41-443B-ACB3-D48D59039C48}"
EndProject
Project("{2150E333-8FDC-42A3-9474-1A3956D46DE8}") = "DS_schemas", "DS_schemas", "{F75CB884-6301-43D0-879C-B1C11673CB60}"
	ProjectSection(SolutionItems) = preProject
		DevelopmentHell.Hubba.Logging.sql = DevelopmentHell.Hubba.Logging.sql
		DevelopmentHell.Hubba.Users.sql = DevelopmentHell.Hubba.Users.sql
		DSREADME.txt = DSREADME.txt
	EndProjectSection
EndProject
Project("{9A19103F-16F7-4668-BE54-9A1E7A4F7556}") = "DevelopmentHell.Hubba.Models", "DevelopmentHell.Hubba.Models\DevelopmentHell.Hubba.Models.csproj", "{583B5DFF-1EA8-4EAF-99F2-0DC064FEA9F5}"
EndProject
Project("{9A19103F-16F7-4668-BE54-9A1E7A4F7556}") = "DevelopmentHell.Hubba.Logging", "DevelopmentHell.Hubba.Logging\DevelopmentHell.Hubba.Logging.csproj", "{92B3BC1E-7F3D-49E2-B2D9-C726F13C51D2}"
EndProject
Project("{9A19103F-16F7-4668-BE54-9A1E7A4F7556}") = "DevelopmentHell.Hubba.Logging.Test", "DevelopmentHell.Hubba.Logging.Test\DevelopmentHell.Hubba.Logging.Test.csproj", "{B8A07CDE-585C-4739-80B0-D751407F60D9}"
EndProject
Project("{2150E333-8FDC-42A3-9474-1A3956D46DE8}") = "Solution Items", "Solution Items", "{6CB953D1-49EC-4BD2-A116-3DB051F70A55}"
	ProjectSection(SolutionItems) = preProject
		app.config = app.config
	EndProjectSection
EndProject
Project("{9A19103F-16F7-4668-BE54-9A1E7A4F7556}") = "DevelopmentHell.Hubba.OneTimePassword", "OneTimePass\DevelopmentHell.Hubba.OneTimePassword.csproj", "{ACAE2FD7-72BB-4E31-95DE-5E8206C8FF08}"
EndProject
Project("{9A19103F-16F7-4668-BE54-9A1E7A4F7556}") = "DevelopmentHell.Hubba.Mailing", "DevelopmentHell.Hubba.Mailing\DevelopmentHell.Hubba.Mailing.csproj", "{2C5D2919-A293-4FFA-B565-B6FDA01B6000}"
EndProject
Project("{9A19103F-16F7-4668-BE54-9A1E7A4F7556}") = "DevelopmentHell.Hubba.Encryption", "DevelopmentHell.Hubba.Encryption\DevelopmentHell.Hubba.Encryption.csproj", "{82B9B36C-D9DC-44AA-9A25-9029366ED034}"
EndProject
Global
	GlobalSection(SolutionConfigurationPlatforms) = preSolution
		Debug|Any CPU = Debug|Any CPU
		Release|Any CPU = Release|Any CPU
	EndGlobalSection
	GlobalSection(ProjectConfigurationPlatforms) = postSolution
		{BACE9CC4-F837-49DD-8572-EE102E1EAB1C}.Debug|Any CPU.ActiveCfg = Debug|Any CPU
		{BACE9CC4-F837-49DD-8572-EE102E1EAB1C}.Debug|Any CPU.Build.0 = Debug|Any CPU
		{BACE9CC4-F837-49DD-8572-EE102E1EAB1C}.Release|Any CPU.ActiveCfg = Release|Any CPU
		{BACE9CC4-F837-49DD-8572-EE102E1EAB1C}.Release|Any CPU.Build.0 = Release|Any CPU
		{91B3FBDC-0B1D-4C1F-BA0D-99D27F8B93ED}.Debug|Any CPU.ActiveCfg = Debug|Any CPU
		{91B3FBDC-0B1D-4C1F-BA0D-99D27F8B93ED}.Debug|Any CPU.Build.0 = Debug|Any CPU
		{91B3FBDC-0B1D-4C1F-BA0D-99D27F8B93ED}.Release|Any CPU.ActiveCfg = Release|Any CPU
		{91B3FBDC-0B1D-4C1F-BA0D-99D27F8B93ED}.Release|Any CPU.Build.0 = Release|Any CPU
		{D8E08993-9EF2-4F07-8223-E3B0991B428E}.Debug|Any CPU.ActiveCfg = Debug|Any CPU
		{D8E08993-9EF2-4F07-8223-E3B0991B428E}.Debug|Any CPU.Build.0 = Debug|Any CPU
		{D8E08993-9EF2-4F07-8223-E3B0991B428E}.Release|Any CPU.ActiveCfg = Release|Any CPU
		{D8E08993-9EF2-4F07-8223-E3B0991B428E}.Release|Any CPU.Build.0 = Release|Any CPU
		{6C8B3984-217A-4DEA-9A4D-73F301FC0893}.Debug|Any CPU.ActiveCfg = Debug|Any CPU
		{6C8B3984-217A-4DEA-9A4D-73F301FC0893}.Debug|Any CPU.Build.0 = Debug|Any CPU
		{6C8B3984-217A-4DEA-9A4D-73F301FC0893}.Release|Any CPU.ActiveCfg = Release|Any CPU
		{6C8B3984-217A-4DEA-9A4D-73F301FC0893}.Release|Any CPU.Build.0 = Release|Any CPU
		{583B5DFF-1EA8-4EAF-99F2-0DC064FEA9F5}.Debug|Any CPU.ActiveCfg = Debug|Any CPU
		{583B5DFF-1EA8-4EAF-99F2-0DC064FEA9F5}.Debug|Any CPU.Build.0 = Debug|Any CPU
		{583B5DFF-1EA8-4EAF-99F2-0DC064FEA9F5}.Release|Any CPU.ActiveCfg = Release|Any CPU
		{583B5DFF-1EA8-4EAF-99F2-0DC064FEA9F5}.Release|Any CPU.Build.0 = Release|Any CPU
		{92B3BC1E-7F3D-49E2-B2D9-C726F13C51D2}.Debug|Any CPU.ActiveCfg = Debug|Any CPU
		{92B3BC1E-7F3D-49E2-B2D9-C726F13C51D2}.Debug|Any CPU.Build.0 = Debug|Any CPU
		{92B3BC1E-7F3D-49E2-B2D9-C726F13C51D2}.Release|Any CPU.ActiveCfg = Release|Any CPU
		{92B3BC1E-7F3D-49E2-B2D9-C726F13C51D2}.Release|Any CPU.Build.0 = Release|Any CPU
		{B8A07CDE-585C-4739-80B0-D751407F60D9}.Debug|Any CPU.ActiveCfg = Debug|Any CPU
		{B8A07CDE-585C-4739-80B0-D751407F60D9}.Debug|Any CPU.Build.0 = Debug|Any CPU
		{B8A07CDE-585C-4739-80B0-D751407F60D9}.Release|Any CPU.ActiveCfg = Release|Any CPU
		{B8A07CDE-585C-4739-80B0-D751407F60D9}.Release|Any CPU.Build.0 = Release|Any CPU
		{ACAE2FD7-72BB-4E31-95DE-5E8206C8FF08}.Debug|Any CPU.ActiveCfg = Debug|Any CPU
		{ACAE2FD7-72BB-4E31-95DE-5E8206C8FF08}.Debug|Any CPU.Build.0 = Debug|Any CPU
		{ACAE2FD7-72BB-4E31-95DE-5E8206C8FF08}.Release|Any CPU.ActiveCfg = Release|Any CPU
		{ACAE2FD7-72BB-4E31-95DE-5E8206C8FF08}.Release|Any CPU.Build.0 = Release|Any CPU
		{2C5D2919-A293-4FFA-B565-B6FDA01B6000}.Debug|Any CPU.ActiveCfg = Debug|Any CPU
		{2C5D2919-A293-4FFA-B565-B6FDA01B6000}.Debug|Any CPU.Build.0 = Debug|Any CPU
		{2C5D2919-A293-4FFA-B565-B6FDA01B6000}.Release|Any CPU.ActiveCfg = Release|Any CPU
		{2C5D2919-A293-4FFA-B565-B6FDA01B6000}.Release|Any CPU.Build.0 = Release|Any CPU
		{82B9B36C-D9DC-44AA-9A25-9029366ED034}.Debug|Any CPU.ActiveCfg = Debug|Any CPU
		{82B9B36C-D9DC-44AA-9A25-9029366ED034}.Debug|Any CPU.Build.0 = Debug|Any CPU
		{82B9B36C-D9DC-44AA-9A25-9029366ED034}.Release|Any CPU.ActiveCfg = Release|Any CPU
		{82B9B36C-D9DC-44AA-9A25-9029366ED034}.Release|Any CPU.Build.0 = Release|Any CPU
	EndGlobalSection
	GlobalSection(SolutionProperties) = preSolution
		HideSolutionNode = FALSE
	EndGlobalSection
	GlobalSection(NestedProjects) = preSolution
		{BACE9CC4-F837-49DD-8572-EE102E1EAB1C} = {0E8013DB-F597-49E1-9C90-367A98C5BE69}
		{91B3FBDC-0B1D-4C1F-BA0D-99D27F8B93ED} = {AF8ADA89-9511-4DF9-B861-281AC81D112D}
		{D8E08993-9EF2-4F07-8223-E3B0991B428E} = {5A528968-95F9-4E5A-98CB-501EE0759FDC}
		{6C8B3984-217A-4DEA-9A4D-73F301FC0893} = {374ED57B-DF41-443B-ACB3-D48D59039C48}
		{F75CB884-6301-43D0-879C-B1C11673CB60} = {374ED57B-DF41-443B-ACB3-D48D59039C48}
		{92B3BC1E-7F3D-49E2-B2D9-C726F13C51D2} = {AF8ADA89-9511-4DF9-B861-281AC81D112D}
		{B8A07CDE-585C-4739-80B0-D751407F60D9} = {5A528968-95F9-4E5A-98CB-501EE0759FDC}
	EndGlobalSection
	GlobalSection(ExtensibilityGlobals) = postSolution
		SolutionGuid = {E49330E5-F92F-4990-A904-E75E376A2656}
	EndGlobalSection
EndGlobal
