
Microsoft Visual Studio Solution File, Format Version 12.00
# Visual Studio Version 17
VisualStudioVersion = 17.3.32929.385
MinimumVisualStudioVersion = 10.0.40219.1
Project("{9A19103F-16F7-4668-BE54-9A1E7A4F7556}") = "DevelopmentHell.Hubba.Client", "DevelopmentHell.Hubba.Client\DevelopmentHell.Hubba.Client.csproj", "{BACE9CC4-F837-49DD-8572-EE102E1EAB1C}"
EndProject
Project("{9A19103F-16F7-4668-BE54-9A1E7A4F7556}") = "DevelopmentHell.Hubba.Registration", "DevelopmentHell.Hubba.Registration\DevelopmentHell.Hubba.Registration.csproj", "{91B3FBDC-0B1D-4C1F-BA0D-99D27F8B93ED}"
EndProject
Project("{9A19103F-16F7-4668-BE54-9A1E7A4F7556}") = "DevelopmentHell.Hubba.Registration.Test", "DevelopmentHell.Hubba.Registration.Test\DevelopmentHell.Hubba.Registration.Test.csproj", "{D8E08993-9EF2-4F07-8223-E3B0991B428E}"
	ProjectSection(ProjectDependencies) = postProject
		{BAED0DBE-8902-46F3-8823-CD9DA60B4966} = {BAED0DBE-8902-46F3-8823-CD9DA60B4966}
	EndProjectSection
EndProject
Project("{2150E333-8FDC-42A3-9474-1A3956D46DE8}") = "DAL", "DAL", "{4EAD24D8-95E9-48C7-8D74-E236C6D4B420}"
EndProject
Project("{FAE04EC0-301F-11D3-BF4B-00C04F79EFBC}") = "DevelopmentHell.Hubba.SqlDataAccess", "DevelopmentHell.Hubba.SqlDataAccess\DevelopmentHell.Hubba.SqlDataAccess.csproj", "{BAED0DBE-8902-46F3-8823-CD9DA60B4966}"
EndProject
Project("{2150E333-8FDC-42A3-9474-1A3956D46DE8}") = "Tests", "Tests", "{5A528968-95F9-4E5A-98CB-501EE0759FDC}"
EndProject
Project("{2150E333-8FDC-42A3-9474-1A3956D46DE8}") = "Clients", "Clients", "{0E8013DB-F597-49E1-9C90-367A98C5BE69}"
EndProject
Global
	GlobalSection(SolutionConfigurationPlatforms) = preSolution
		Debug|Any CPU = Debug|Any CPU
		Release|Any CPU = Release|Any CPU
	EndGlobalSection
	GlobalSection(ProjectConfigurationPlatforms) = postSolution
		{BACE9CC4-F837-49DD-8572-EE102E1EAB1C}.Debug|Any CPU.ActiveCfg = Debug|Any CPU
		{BACE9CC4-F837-49DD-8572-EE102E1EAB1C}.Debug|Any CPU.Build.0 = Debug|Any CPU
		{BACE9CC4-F837-49DD-8572-EE102E1EAB1C}.Release|Any CPU.ActiveCfg = Release|Any CPU
		{BACE9CC4-F837-49DD-8572-EE102E1EAB1C}.Release|Any CPU.Build.0 = Release|Any CPU
		{91B3FBDC-0B1D-4C1F-BA0D-99D27F8B93ED}.Debug|Any CPU.ActiveCfg = Debug|Any CPU
		{91B3FBDC-0B1D-4C1F-BA0D-99D27F8B93ED}.Debug|Any CPU.Build.0 = Debug|Any CPU
		{91B3FBDC-0B1D-4C1F-BA0D-99D27F8B93ED}.Release|Any CPU.ActiveCfg = Release|Any CPU
		{91B3FBDC-0B1D-4C1F-BA0D-99D27F8B93ED}.Release|Any CPU.Build.0 = Release|Any CPU
		{D8E08993-9EF2-4F07-8223-E3B0991B428E}.Debug|Any CPU.ActiveCfg = Debug|Any CPU
		{D8E08993-9EF2-4F07-8223-E3B0991B428E}.Debug|Any CPU.Build.0 = Debug|Any CPU
		{D8E08993-9EF2-4F07-8223-E3B0991B428E}.Release|Any CPU.ActiveCfg = Release|Any CPU
		{D8E08993-9EF2-4F07-8223-E3B0991B428E}.Release|Any CPU.Build.0 = Release|Any CPU
		{BAED0DBE-8902-46F3-8823-CD9DA60B4966}.Debug|Any CPU.ActiveCfg = Debug|Any CPU
		{BAED0DBE-8902-46F3-8823-CD9DA60B4966}.Debug|Any CPU.Build.0 = Debug|Any CPU
		{BAED0DBE-8902-46F3-8823-CD9DA60B4966}.Release|Any CPU.ActiveCfg = Release|Any CPU
		{BAED0DBE-8902-46F3-8823-CD9DA60B4966}.Release|Any CPU.Build.0 = Release|Any CPU
	EndGlobalSection
	GlobalSection(SolutionProperties) = preSolution
		HideSolutionNode = FALSE
	EndGlobalSection
	GlobalSection(NestedProjects) = preSolution
		{BACE9CC4-F837-49DD-8572-EE102E1EAB1C} = {0E8013DB-F597-49E1-9C90-367A98C5BE69}
		{D8E08993-9EF2-4F07-8223-E3B0991B428E} = {5A528968-95F9-4E5A-98CB-501EE0759FDC}
		{BAED0DBE-8902-46F3-8823-CD9DA60B4966} = {4EAD24D8-95E9-48C7-8D74-E236C6D4B420}
	EndGlobalSection
	GlobalSection(ExtensibilityGlobals) = postSolution
		SolutionGuid = {E49330E5-F92F-4990-A904-E75E376A2656}
	EndGlobalSection
EndGlobal
